
Microsoft Visual Studio Solution File, Format Version 12.00
# Visual Studio Version 16
VisualStudioVersion = 16.0.33214.272
MinimumVisualStudioVersion = 10.0.40219.1
Project("{FAE04EC0-301F-11D3-BF4B-00C04F79EFBC}") = "BUSB", "BUSB\BUSB.csproj", "{A560CF0A-9355-4E71-8B7A-A9B9841E2952}"
EndProject
Global
	GlobalSection(SolutionConfigurationPlatforms) = preSolution
		Debug|Any CPU = Debug|Any CPU
		Release|Any CPU = Release|Any CPU
	EndGlobalSection
	GlobalSection(ProjectConfigurationPlatforms) = postSolution
		{A560CF0A-9355-4E71-8B7A-A9B9841E2952}.Debug|Any CPU.ActiveCfg = Debug|Any CPU
		{A560CF0A-9355-4E71-8B7A-A9B9841E2952}.Debug|Any CPU.Build.0 = Debug|Any CPU
		{A560CF0A-9355-4E71-8B7A-A9B9841E2952}.Release|Any CPU.ActiveCfg = Release|Any CPU
		{A560CF0A-9355-4E71-8B7A-A9B9841E2952}.Release|Any CPU.Build.0 = Release|Any CPU
	EndGlobalSection
	GlobalSection(SolutionProperties) = preSolution
		HideSolutionNode = FALSE
	EndGlobalSection
	GlobalSection(ExtensibilityGlobals) = postSolution
		SolutionGuid = {60C68A8F-D406-49E0-8D06-565596250951}
	EndGlobalSection
EndGlobal
